{
  "version": "5",
  "specifiers": {
    "jsr:@supabase/functions-js@*": "2.4.5",
    "npm:@aws-sdk/client-chime-sdk-meetings@*": "3.859.0",
    "npm:@sentry/deno@*": "10.1.0",
    "npm:@types/node@*": "22.15.15",
    "npm:openai@^4.52.5": "4.104.0"
  },
  "jsr": {
    "@supabase/functions-js@2.4.5": {
      "integrity": "ead2df253fe0c3b0b682c5f25076978ab62c10afff4d04222451a90ba512c394",
      "dependencies": [
        "npm:openai"
      ]
    }
  },
  "npm": {
    "@aws-crypto/sha256-browser@5.2.0": {
      "integrity": "sha512-AXfN/lGotSQwu6HNcEsIASo7kWXZ5HYWvfOmSNKDsEqC4OashTp8alTmaz+F7TC2L083SFv5RdB+qU3Vs1kZqw==",
      "dependencies": [
        "@aws-crypto/sha256-js",
        "@aws-crypto/supports-web-crypto",
        "@aws-crypto/util",
        "@aws-sdk/types",
        "@aws-sdk/util-locate-window",
        "@smithy/util-utf8@2.3.0",
        "tslib"
      ]
    },
    "@aws-crypto/sha256-js@5.2.0": {
      "integrity": "sha512-FFQQyu7edu4ufvIZ+OadFpHHOt+eSTBaYaki44c+akjg7qZg9oOQeLlk77F6tSYqjDAFClrHJk9tMf0HdVyOvA==",
      "dependencies": [
        "@aws-crypto/util",
        "@aws-sdk/types",
        "tslib"
      ]
    },
    "@aws-crypto/supports-web-crypto@5.2.0": {
      "integrity": "sha512-iAvUotm021kM33eCdNfwIN//F77/IADDSs58i+MDaOqFrVjZo9bAal0NK7HurRuWLLpF1iLX7gbWrjHjeo+YFg==",
      "dependencies": [
        "tslib"
      ]
    },
    "@aws-crypto/util@5.2.0": {
      "integrity": "sha512-4RkU9EsI6ZpBve5fseQlGNUWKMa1RLPQ1dnjnQoe07ldfIzcsGb5hC5W0Dm7u423KWzawlrpbjXBrXCEv9zazQ==",
      "dependencies": [
        "@aws-sdk/types",
        "@smithy/util-utf8@2.3.0",
        "tslib"
      ]
    },
    "@aws-sdk/client-chime-sdk-meetings@3.859.0": {
      "integrity": "sha512-0oZRzcY1ls3gSHoGZEBYT5o5bCZGw8+83BOhW6d4XyI3c8pF5mu7z8+MoEZN9SOmz/u9tuMf5ZsyjMqga0w34A==",
      "dependencies": [
        "@aws-crypto/sha256-browser",
        "@aws-crypto/sha256-js",
        "@aws-sdk/core",
        "@aws-sdk/credential-provider-node",
        "@aws-sdk/middleware-host-header",
        "@aws-sdk/middleware-logger",
        "@aws-sdk/middleware-recursion-detection",
        "@aws-sdk/middleware-user-agent",
        "@aws-sdk/region-config-resolver",
        "@aws-sdk/types",
        "@aws-sdk/util-endpoints",
        "@aws-sdk/util-user-agent-browser",
        "@aws-sdk/util-user-agent-node",
        "@smithy/config-resolver",
        "@smithy/core",
        "@smithy/fetch-http-handler",
        "@smithy/hash-node",
        "@smithy/invalid-dependency",
        "@smithy/middleware-content-length",
        "@smithy/middleware-endpoint",
        "@smithy/middleware-retry",
        "@smithy/middleware-serde",
        "@smithy/middleware-stack",
        "@smithy/node-config-provider",
        "@smithy/node-http-handler",
        "@smithy/protocol-http",
        "@smithy/smithy-client",
        "@smithy/types",
        "@smithy/url-parser",
        "@smithy/util-base64",
        "@smithy/util-body-length-browser",
        "@smithy/util-body-length-node",
        "@smithy/util-defaults-mode-browser",
        "@smithy/util-defaults-mode-node",
        "@smithy/util-endpoints",
        "@smithy/util-middleware",
        "@smithy/util-retry",
        "@smithy/util-utf8@4.0.0",
        "@types/uuid",
        "tslib",
        "uuid"
      ]
    },
    "@aws-sdk/client-sso@3.858.0": {
      "integrity": "sha512-iXuZQs4KH6a3Pwnt0uORalzAZ5EXRPr3lBYAsdNwkP8OYyoUz5/TE3BLyw7ceEh0rj4QKGNnNALYo1cDm0EV8w==",
      "dependencies": [
        "@aws-crypto/sha256-browser",
        "@aws-crypto/sha256-js",
        "@aws-sdk/core",
        "@aws-sdk/middleware-host-header",
        "@aws-sdk/middleware-logger",
        "@aws-sdk/middleware-recursion-detection",
        "@aws-sdk/middleware-user-agent",
        "@aws-sdk/region-config-resolver",
        "@aws-sdk/types",
        "@aws-sdk/util-endpoints",
        "@aws-sdk/util-user-agent-browser",
        "@aws-sdk/util-user-agent-node",
        "@smithy/config-resolver",
        "@smithy/core",
        "@smithy/fetch-http-handler",
        "@smithy/hash-node",
        "@smithy/invalid-dependency",
        "@smithy/middleware-content-length",
        "@smithy/middleware-endpoint",
        "@smithy/middleware-retry",
        "@smithy/middleware-serde",
        "@smithy/middleware-stack",
        "@smithy/node-config-provider",
        "@smithy/node-http-handler",
        "@smithy/protocol-http",
        "@smithy/smithy-client",
        "@smithy/types",
        "@smithy/url-parser",
        "@smithy/util-base64",
        "@smithy/util-body-length-browser",
        "@smithy/util-body-length-node",
        "@smithy/util-defaults-mode-browser",
        "@smithy/util-defaults-mode-node",
        "@smithy/util-endpoints",
        "@smithy/util-middleware",
        "@smithy/util-retry",
        "@smithy/util-utf8@4.0.0",
        "tslib"
      ]
    },
    "@aws-sdk/core@3.858.0": {
      "integrity": "sha512-iWm4QLAS+/XMlnecIU1Y33qbBr1Ju+pmWam3xVCPlY4CSptKpVY+2hXOnmg9SbHAX9C005fWhrIn51oDd00c9A==",
      "dependencies": [
        "@aws-sdk/types",
        "@aws-sdk/xml-builder",
        "@smithy/core",
        "@smithy/node-config-provider",
        "@smithy/property-provider",
        "@smithy/protocol-http",
        "@smithy/signature-v4",
        "@smithy/smithy-client",
        "@smithy/types",
        "@smithy/util-base64",
        "@smithy/util-body-length-browser",
        "@smithy/util-middleware",
        "@smithy/util-utf8@4.0.0",
        "fast-xml-parser",
        "tslib"
      ]
    },
    "@aws-sdk/credential-provider-env@3.858.0": {
      "integrity": "sha512-kZsGyh2BoSRguzlcGtzdLhw/l/n3KYAC+/l/H0SlsOq3RLHF6tO/cRdsLnwoix2bObChHUp03cex63o1gzdx/Q==",
      "dependencies": [
        "@aws-sdk/core",
        "@aws-sdk/types",
        "@smithy/property-provider",
        "@smithy/types",
        "tslib"
      ]
    },
    "@aws-sdk/credential-provider-http@3.858.0": {
      "integrity": "sha512-GDnfYl3+NPJQ7WQQYOXEA489B212NinpcIDD7rpsB6IWUPo8yDjT5NceK4uUkIR3MFpNCGt9zd/z6NNLdB2fuQ==",
      "dependencies": [
        "@aws-sdk/core",
        "@aws-sdk/types",
        "@smithy/fetch-http-handler",
        "@smithy/node-http-handler",
        "@smithy/property-provider",
        "@smithy/protocol-http",
        "@smithy/smithy-client",
        "@smithy/types",
        "@smithy/util-stream",
        "tslib"
      ]
    },
    "@aws-sdk/credential-provider-ini@3.859.0": {
      "integrity": "sha512-KsccE1T88ZDNhsABnqbQj014n5JMDilAroUErFbGqu5/B3sXqUsYmG54C/BjvGTRUFfzyttK9lB9P9h6ddQ8Cw==",
      "dependencies": [
        "@aws-sdk/core",
        "@aws-sdk/credential-provider-env",
        "@aws-sdk/credential-provider-http",
        "@aws-sdk/credential-provider-process",
        "@aws-sdk/credential-provider-sso",
        "@aws-sdk/credential-provider-web-identity",
        "@aws-sdk/nested-clients",
        "@aws-sdk/types",
        "@smithy/credential-provider-imds",
        "@smithy/property-provider",
        "@smithy/shared-ini-file-loader",
        "@smithy/types",
        "tslib"
      ]
    },
    "@aws-sdk/credential-provider-node@3.859.0": {
      "integrity": "sha512-ZRDB2xU5aSyTR/jDcli30tlycu6RFvQngkZhBs9Zoh2BiYXrfh2MMuoYuZk+7uD6D53Q2RIEldDHR9A/TPlRuA==",
      "dependencies": [
        "@aws-sdk/credential-provider-env",
        "@aws-sdk/credential-provider-http",
        "@aws-sdk/credential-provider-ini",
        "@aws-sdk/credential-provider-process",
        "@aws-sdk/credential-provider-sso",
        "@aws-sdk/credential-provider-web-identity",
        "@aws-sdk/types",
        "@smithy/credential-provider-imds",
        "@smithy/property-provider",
        "@smithy/shared-ini-file-loader",
        "@smithy/types",
        "tslib"
      ]
    },
    "@aws-sdk/credential-provider-process@3.858.0": {
      "integrity": "sha512-l5LJWZJMRaZ+LhDjtupFUKEC5hAjgvCRrOvV5T60NCUBOy0Ozxa7Sgx3x+EOwiruuoh3Cn9O+RlbQlJX6IfZIw==",
      "dependencies": [
        "@aws-sdk/core",
        "@aws-sdk/types",
        "@smithy/property-provider",
        "@smithy/shared-ini-file-loader",
        "@smithy/types",
        "tslib"
      ]
    },
    "@aws-sdk/credential-provider-sso@3.859.0": {
      "integrity": "sha512-BwAqmWIivhox5YlFRjManFF8GoTvEySPk6vsJNxDsmGsabY+OQovYxFIYxRCYiHzH7SFjd4Lcd+riJOiXNsvRw==",
      "dependencies": [
        "@aws-sdk/client-sso",
        "@aws-sdk/core",
        "@aws-sdk/token-providers",
        "@aws-sdk/types",
        "@smithy/property-provider",
        "@smithy/shared-ini-file-loader",
        "@smithy/types",
        "tslib"
      ]
    },
    "@aws-sdk/credential-provider-web-identity@3.858.0": {
      "integrity": "sha512-8iULWsH83iZDdUuiDsRb83M0NqIlXjlDbJUIddVsIrfWp4NmanKw77SV6yOZ66nuJjPsn9j7RDb9bfEPCy5SWA==",
      "dependencies": [
        "@aws-sdk/core",
        "@aws-sdk/nested-clients",
        "@aws-sdk/types",
        "@smithy/property-provider",
        "@smithy/types",
        "tslib"
      ]
    },
    "@aws-sdk/middleware-host-header@3.840.0": {
      "integrity": "sha512-ub+hXJAbAje94+Ya6c6eL7sYujoE8D4Bumu1NUI8TXjUhVVn0HzVWQjpRLshdLsUp1AW7XyeJaxyajRaJQ8+Xg==",
      "dependencies": [
        "@aws-sdk/types",
        "@smithy/protocol-http",
        "@smithy/types",
        "tslib"
      ]
    },
    "@aws-sdk/middleware-logger@3.840.0": {
      "integrity": "sha512-lSV8FvjpdllpGaRspywss4CtXV8M7NNNH+2/j86vMH+YCOZ6fu2T/TyFd/tHwZ92vDfHctWkRbQxg0bagqwovA==",
      "dependencies": [
        "@aws-sdk/types",
        "@smithy/types",
        "tslib"
      ]
    },
    "@aws-sdk/middleware-recursion-detection@3.840.0": {
      "integrity": "sha512-Gu7lGDyfddyhIkj1Z1JtrY5NHb5+x/CRiB87GjaSrKxkDaydtX2CU977JIABtt69l9wLbcGDIQ+W0uJ5xPof7g==",
      "dependencies": [
        "@aws-sdk/types",
        "@smithy/protocol-http",
        "@smithy/types",
        "tslib"
      ]
    },
    "@aws-sdk/middleware-user-agent@3.858.0": {
      "integrity": "sha512-pC3FT/sRZ6n5NyXiTVu9dpf1D9j3YbJz3XmeOOwJqO/Mib2PZyIQktvNMPgwaC5KMVB1zWqS5bmCwxpMOnq0UQ==",
      "dependencies": [
        "@aws-sdk/core",
        "@aws-sdk/types",
        "@aws-sdk/util-endpoints",
        "@smithy/core",
        "@smithy/protocol-http",
        "@smithy/types",
        "tslib"
      ]
    },
    "@aws-sdk/nested-clients@3.858.0": {
      "integrity": "sha512-ChdIj80T2whoWbovmO7o8ICmhEB2S9q4Jes9MBnKAPm69PexcJAK2dQC8yI4/iUP8b3+BHZoUPrYLWjBxIProQ==",
      "dependencies": [
        "@aws-crypto/sha256-browser",
        "@aws-crypto/sha256-js",
        "@aws-sdk/core",
        "@aws-sdk/middleware-host-header",
        "@aws-sdk/middleware-logger",
        "@aws-sdk/middleware-recursion-detection",
        "@aws-sdk/middleware-user-agent",
        "@aws-sdk/region-config-resolver",
        "@aws-sdk/types",
        "@aws-sdk/util-endpoints",
        "@aws-sdk/util-user-agent-browser",
        "@aws-sdk/util-user-agent-node",
        "@smithy/config-resolver",
        "@smithy/core",
        "@smithy/fetch-http-handler",
        "@smithy/hash-node",
        "@smithy/invalid-dependency",
        "@smithy/middleware-content-length",
        "@smithy/middleware-endpoint",
        "@smithy/middleware-retry",
        "@smithy/middleware-serde",
        "@smithy/middleware-stack",
        "@smithy/node-config-provider",
        "@smithy/node-http-handler",
        "@smithy/protocol-http",
        "@smithy/smithy-client",
        "@smithy/types",
        "@smithy/url-parser",
        "@smithy/util-base64",
        "@smithy/util-body-length-browser",
        "@smithy/util-body-length-node",
        "@smithy/util-defaults-mode-browser",
        "@smithy/util-defaults-mode-node",
        "@smithy/util-endpoints",
        "@smithy/util-middleware",
        "@smithy/util-retry",
        "@smithy/util-utf8@4.0.0",
        "tslib"
      ]
    },
    "@aws-sdk/region-config-resolver@3.840.0": {
      "integrity": "sha512-Qjnxd/yDv9KpIMWr90ZDPtRj0v75AqGC92Lm9+oHXZ8p1MjG5JE2CW0HL8JRgK9iKzgKBL7pPQRXI8FkvEVfrA==",
      "dependencies": [
        "@aws-sdk/types",
        "@smithy/node-config-provider",
        "@smithy/types",
        "@smithy/util-config-provider",
        "@smithy/util-middleware",
        "tslib"
      ]
    },
    "@aws-sdk/token-providers@3.859.0": {
      "integrity": "sha512-6P2wlvm9KBWOvRNn0Pt8RntnXg8fzOb5kEShvWsOsAocZeqKNaYbihum5/Onq1ZPoVtkdb++8eWDocDnM4k85Q==",
      "dependencies": [
        "@aws-sdk/core",
        "@aws-sdk/nested-clients",
        "@aws-sdk/types",
        "@smithy/property-provider",
        "@smithy/shared-ini-file-loader",
        "@smithy/types",
        "tslib"
      ]
    },
    "@aws-sdk/types@3.840.0": {
      "integrity": "sha512-xliuHaUFZxEx1NSXeLLZ9Dyu6+EJVQKEoD+yM+zqUo3YDZ7medKJWY6fIOKiPX/N7XbLdBYwajb15Q7IL8KkeA==",
      "dependencies": [
        "@smithy/types",
        "tslib"
      ]
    },
    "@aws-sdk/util-endpoints@3.848.0": {
      "integrity": "sha512-fY/NuFFCq/78liHvRyFKr+aqq1aA/uuVSANjzr5Ym8c+9Z3HRPE9OrExAHoMrZ6zC8tHerQwlsXYYH5XZ7H+ww==",
      "dependencies": [
        "@aws-sdk/types",
        "@smithy/types",
        "@smithy/url-parser",
        "@smithy/util-endpoints",
        "tslib"
      ]
    },
    "@aws-sdk/util-locate-window@3.804.0": {
      "integrity": "sha512-zVoRfpmBVPodYlnMjgVjfGoEZagyRF5IPn3Uo6ZvOZp24chnW/FRstH7ESDHDDRga4z3V+ElUQHKpFDXWyBW5A==",
      "dependencies": [
        "tslib"
      ]
    },
    "@aws-sdk/util-user-agent-browser@3.840.0": {
      "integrity": "sha512-JdyZM3EhhL4PqwFpttZu1afDpPJCCc3eyZOLi+srpX11LsGj6sThf47TYQN75HT1CarZ7cCdQHGzP2uy3/xHfQ==",
      "dependencies": [
        "@aws-sdk/types",
        "@smithy/types",
        "bowser",
        "tslib"
      ]
    },
    "@aws-sdk/util-user-agent-node@3.858.0": {
      "integrity": "sha512-T1m05QlN8hFpx5/5duMjS8uFSK5e6EXP45HQRkZULVkL3DK+jMaxsnh3KLl5LjUoHn/19M4HM0wNUBhYp4Y2Yw==",
      "dependencies": [
        "@aws-sdk/middleware-user-agent",
        "@aws-sdk/types",
        "@smithy/node-config-provider",
        "@smithy/types",
        "tslib"
      ]
    },
    "@aws-sdk/xml-builder@3.821.0": {
      "integrity": "sha512-DIIotRnefVL6DiaHtO6/21DhJ4JZnnIwdNbpwiAhdt/AVbttcE4yw925gsjur0OGv5BTYXQXU3YnANBYnZjuQA==",
      "dependencies": [
        "@smithy/types",
        "tslib"
      ]
    },
    "@sentry/core@10.1.0": {
      "integrity": "sha512-sda76pKjgEgh6VNRNJa9P0WG2egA7N85dTQ8wS/QZ6rD/dNXQZ+ITfL99Jb0b6WhTgvzspJq8bNSl/nRUdbwbQ=="
    },
    "@sentry/deno@10.1.0": {
      "integrity": "sha512-f0Jnh07HPr/pYwmE4t3zhYkNxG6sIQyQU2rRI/d5Pq4ESSszzOr5Y+mMjc+eP9A7TEzEDoRWH4hA7cKMW6jcTg==",
      "dependencies": [
        "@sentry/core"
      ]
    },
    "@smithy/abort-controller@4.0.4": {
      "integrity": "sha512-gJnEjZMvigPDQWHrW3oPrFhQtkrgqBkyjj3pCIdF3A5M6vsZODG93KNlfJprv6bp4245bdT32fsHK4kkH3KYDA==",
      "dependencies": [
        "@smithy/types",
        "tslib"
      ]
    },
    "@smithy/config-resolver@4.1.4": {
      "integrity": "sha512-prmU+rDddxHOH0oNcwemL+SwnzcG65sBF2yXRO7aeXIn/xTlq2pX7JLVbkBnVLowHLg4/OL4+jBmv9hVrVGS+w==",
      "dependencies": [
        "@smithy/node-config-provider",
        "@smithy/types",
        "@smithy/util-config-provider",
        "@smithy/util-middleware",
        "tslib"
      ]
    },
    "@smithy/core@3.7.2": {
      "integrity": "sha512-JoLw59sT5Bm8SAjFCYZyuCGxK8y3vovmoVbZWLDPTH5XpPEIwpFd9m90jjVMwoypDuB/SdVgje5Y4T7w50lJaw==",
      "dependencies": [
        "@smithy/middleware-serde",
        "@smithy/protocol-http",
        "@smithy/types",
        "@smithy/util-base64",
        "@smithy/util-body-length-browser",
        "@smithy/util-middleware",
        "@smithy/util-stream",
        "@smithy/util-utf8@4.0.0",
        "tslib"
      ]
    },
    "@smithy/credential-provider-imds@4.0.6": {
      "integrity": "sha512-hKMWcANhUiNbCJouYkZ9V3+/Qf9pteR1dnwgdyzR09R4ODEYx8BbUysHwRSyex4rZ9zapddZhLFTnT4ZijR4pw==",
      "dependencies": [
        "@smithy/node-config-provider",
        "@smithy/property-provider",
        "@smithy/types",
        "@smithy/url-parser",
        "tslib"
      ]
    },
    "@smithy/fetch-http-handler@5.1.0": {
      "integrity": "sha512-mADw7MS0bYe2OGKkHYMaqarOXuDwRbO6ArD91XhHcl2ynjGCFF+hvqf0LyQcYxkA1zaWjefSkU7Ne9mqgApSgQ==",
      "dependencies": [
        "@smithy/protocol-http",
        "@smithy/querystring-builder",
        "@smithy/types",
        "@smithy/util-base64",
        "tslib"
      ]
    },
    "@smithy/hash-node@4.0.4": {
      "integrity": "sha512-qnbTPUhCVnCgBp4z4BUJUhOEkVwxiEi1cyFM+Zj6o+aY8OFGxUQleKWq8ltgp3dujuhXojIvJWdoqpm6dVO3lQ==",
      "dependencies": [
        "@smithy/types",
        "@smithy/util-buffer-from@4.0.0",
        "@smithy/util-utf8@4.0.0",
        "tslib"
      ]
    },
    "@smithy/invalid-dependency@4.0.4": {
      "integrity": "sha512-bNYMi7WKTJHu0gn26wg8OscncTt1t2b8KcsZxvOv56XA6cyXtOAAAaNP7+m45xfppXfOatXF3Sb1MNsLUgVLTw==",
      "dependencies": [
        "@smithy/types",
        "tslib"
      ]
    },
    "@smithy/is-array-buffer@2.2.0": {
      "integrity": "sha512-GGP3O9QFD24uGeAXYUjwSTXARoqpZykHadOmA8G5vfJPK0/DC67qa//0qvqrJzL1xc8WQWX7/yc7fwudjPHPhA==",
      "dependencies": [
        "tslib"
      ]
    },
    "@smithy/is-array-buffer@4.0.0": {
      "integrity": "sha512-saYhF8ZZNoJDTvJBEWgeBccCg+yvp1CX+ed12yORU3NilJScfc6gfch2oVb4QgxZrGUx3/ZJlb+c/dJbyupxlw==",
      "dependencies": [
        "tslib"
      ]
    },
    "@smithy/middleware-content-length@4.0.4": {
      "integrity": "sha512-F7gDyfI2BB1Kc+4M6rpuOLne5LOcEknH1n6UQB69qv+HucXBR1rkzXBnQTB2q46sFy1PM/zuSJOB532yc8bg3w==",
      "dependencies": [
        "@smithy/protocol-http",
        "@smithy/types",
        "tslib"
      ]
    },
    "@smithy/middleware-endpoint@4.1.17": {
      "integrity": "sha512-S3hSGLKmHG1m35p/MObQCBCdRsrpbPU8B129BVzRqRfDvQqPMQ14iO4LyRw+7LNizYc605COYAcjqgawqi+6jA==",
      "dependencies": [
        "@smithy/core",
        "@smithy/middleware-serde",
        "@smithy/node-config-provider",
        "@smithy/shared-ini-file-loader",
        "@smithy/types",
        "@smithy/url-parser",
        "@smithy/util-middleware",
        "tslib"
      ]
    },
    "@smithy/middleware-retry@4.1.18": {
      "integrity": "sha512-bYLZ4DkoxSsPxpdmeapvAKy7rM5+25gR7PGxq2iMiecmbrRGBHj9s75N74Ylg+aBiw9i5jIowC/cLU2NR0qH8w==",
      "dependencies": [
        "@smithy/node-config-provider",
        "@smithy/protocol-http",
        "@smithy/service-error-classification",
        "@smithy/smithy-client",
        "@smithy/types",
        "@smithy/util-middleware",
        "@smithy/util-retry",
        "tslib",
        "uuid"
      ]
    },
    "@smithy/middleware-serde@4.0.8": {
      "integrity": "sha512-iSSl7HJoJaGyMIoNn2B7czghOVwJ9nD7TMvLhMWeSB5vt0TnEYyRRqPJu/TqW76WScaNvYYB8nRoiBHR9S1Ddw==",
      "dependencies": [
        "@smithy/protocol-http",
        "@smithy/types",
        "tslib"
      ]
    },
    "@smithy/middleware-stack@4.0.4": {
      "integrity": "sha512-kagK5ggDrBUCCzI93ft6DjteNSfY8Ulr83UtySog/h09lTIOAJ/xUSObutanlPT0nhoHAkpmW9V5K8oPyLh+QA==",
      "dependencies": [
        "@smithy/types",
        "tslib"
      ]
    },
    "@smithy/node-config-provider@4.1.3": {
      "integrity": "sha512-HGHQr2s59qaU1lrVH6MbLlmOBxadtzTsoO4c+bF5asdgVik3I8o7JIOzoeqWc5MjVa+vD36/LWE0iXKpNqooRw==",
      "dependencies": [
        "@smithy/property-provider",
        "@smithy/shared-ini-file-loader",
        "@smithy/types",
        "tslib"
      ]
    },
    "@smithy/node-http-handler@4.1.0": {
      "integrity": "sha512-vqfSiHz2v8b3TTTrdXi03vNz1KLYYS3bhHCDv36FYDqxT7jvTll1mMnCrkD+gOvgwybuunh/2VmvOMqwBegxEg==",
      "dependencies": [
        "@smithy/abort-controller",
        "@smithy/protocol-http",
        "@smithy/querystring-builder",
        "@smithy/types",
        "tslib"
      ]
    },
    "@smithy/property-provider@4.0.4": {
      "integrity": "sha512-qHJ2sSgu4FqF4U/5UUp4DhXNmdTrgmoAai6oQiM+c5RZ/sbDwJ12qxB1M6FnP+Tn/ggkPZf9ccn4jqKSINaquw==",
      "dependencies": [
        "@smithy/types",
        "tslib"
      ]
    },
    "@smithy/protocol-http@5.1.2": {
      "integrity": "sha512-rOG5cNLBXovxIrICSBm95dLqzfvxjEmuZx4KK3hWwPFHGdW3lxY0fZNXfv2zebfRO7sJZ5pKJYHScsqopeIWtQ==",
      "dependencies": [
        "@smithy/types",
        "tslib"
      ]
    },
    "@smithy/querystring-builder@4.0.4": {
      "integrity": "sha512-SwREZcDnEYoh9tLNgMbpop+UTGq44Hl9tdj3rf+yeLcfH7+J8OXEBaMc2kDxtyRHu8BhSg9ADEx0gFHvpJgU8w==",
      "dependencies": [
        "@smithy/types",
        "@smithy/util-uri-escape",
        "tslib"
      ]
    },
    "@smithy/querystring-parser@4.0.4": {
      "integrity": "sha512-6yZf53i/qB8gRHH/l2ZwUG5xgkPgQF15/KxH0DdXMDHjesA9MeZje/853ifkSY0x4m5S+dfDZ+c4x439PF0M2w==",
      "dependencies": [
        "@smithy/types",
        "tslib"
      ]
    },
    "@smithy/service-error-classification@4.0.6": {
      "integrity": "sha512-RRoTDL//7xi4tn5FrN2NzH17jbgmnKidUqd4KvquT0954/i6CXXkh1884jBiunq24g9cGtPBEXlU40W6EpNOOg==",
      "dependencies": [
        "@smithy/types"
      ]
    },
    "@smithy/shared-ini-file-loader@4.0.4": {
      "integrity": "sha512-63X0260LoFBjrHifPDs+nM9tV0VMkOTl4JRMYNuKh/f5PauSjowTfvF3LogfkWdcPoxsA9UjqEOgjeYIbhb7Nw==",
      "dependencies": [
        "@smithy/types",
        "tslib"
      ]
    },
    "@smithy/signature-v4@5.1.2": {
      "integrity": "sha512-d3+U/VpX7a60seHziWnVZOHuEgJlclufjkS6zhXvxcJgkJq4UWdH5eOBLzHRMx6gXjsdT9h6lfpmLzbrdupHgQ==",
      "dependencies": [
        "@smithy/is-array-buffer@4.0.0",
        "@smithy/protocol-http",
        "@smithy/types",
        "@smithy/util-hex-encoding",
        "@smithy/util-middleware",
        "@smithy/util-uri-escape",
        "@smithy/util-utf8@4.0.0",
        "tslib"
      ]
    },
    "@smithy/smithy-client@4.4.9": {
      "integrity": "sha512-mbMg8mIUAWwMmb74LoYiArP04zWElPzDoA1jVOp3or0cjlDMgoS6WTC3QXK0Vxoc9I4zdrX0tq6qsOmaIoTWEQ==",
      "dependencies": [
        "@smithy/core",
        "@smithy/middleware-endpoint",
        "@smithy/middleware-stack",
        "@smithy/protocol-http",
        "@smithy/types",
        "@smithy/util-stream",
        "tslib"
      ]
    },
    "@smithy/types@4.3.1": {
      "integrity": "sha512-UqKOQBL2x6+HWl3P+3QqFD4ncKq0I8Nuz9QItGv5WuKuMHuuwlhvqcZCoXGfc+P1QmfJE7VieykoYYmrOoFJxA==",
      "dependencies": [
        "tslib"
      ]
    },
    "@smithy/url-parser@4.0.4": {
      "integrity": "sha512-eMkc144MuN7B0TDA4U2fKs+BqczVbk3W+qIvcoCY6D1JY3hnAdCuhCZODC+GAeaxj0p6Jroz4+XMUn3PCxQQeQ==",
      "dependencies": [
        "@smithy/querystring-parser",
        "@smithy/types",
        "tslib"
      ]
    },
    "@smithy/util-base64@4.0.0": {
      "integrity": "sha512-CvHfCmO2mchox9kjrtzoHkWHxjHZzaFojLc8quxXY7WAAMAg43nuxwv95tATVgQFNDwd4M9S1qFzj40Ul41Kmg==",
      "dependencies": [
        "@smithy/util-buffer-from@4.0.0",
        "@smithy/util-utf8@4.0.0",
        "tslib"
      ]
    },
    "@smithy/util-body-length-browser@4.0.0": {
      "integrity": "sha512-sNi3DL0/k64/LO3A256M+m3CDdG6V7WKWHdAiBBMUN8S3hK3aMPhwnPik2A/a2ONN+9doY9UxaLfgqsIRg69QA==",
      "dependencies": [
        "tslib"
      ]
    },
    "@smithy/util-body-length-node@4.0.0": {
      "integrity": "sha512-q0iDP3VsZzqJyje8xJWEJCNIu3lktUGVoSy1KB0UWym2CL1siV3artm+u1DFYTLejpsrdGyCSWBdGNjJzfDPjg==",
      "dependencies": [
        "tslib"
      ]
    },
    "@smithy/util-buffer-from@2.2.0": {
      "integrity": "sha512-IJdWBbTcMQ6DA0gdNhh/BwrLkDR+ADW5Kr1aZmd4k3DIF6ezMV4R2NIAmT08wQJ3yUK82thHWmC/TnK/wpMMIA==",
      "dependencies": [
        "@smithy/is-array-buffer@2.2.0",
        "tslib"
      ]
    },
    "@smithy/util-buffer-from@4.0.0": {
      "integrity": "sha512-9TOQ7781sZvddgO8nxueKi3+yGvkY35kotA0Y6BWRajAv8jjmigQ1sBwz0UX47pQMYXJPahSKEKYFgt+rXdcug==",
      "dependencies": [
        "@smithy/is-array-buffer@4.0.0",
        "tslib"
      ]
    },
    "@smithy/util-config-provider@4.0.0": {
      "integrity": "sha512-L1RBVzLyfE8OXH+1hsJ8p+acNUSirQnWQ6/EgpchV88G6zGBTDPdXiiExei6Z1wR2RxYvxY/XLw6AMNCCt8H3w==",
      "dependencies": [
        "tslib"
      ]
    },
    "@smithy/util-defaults-mode-browser@4.0.25": {
      "integrity": "sha512-pxEWsxIsOPLfKNXvpgFHBGFC3pKYKUFhrud1kyooO9CJai6aaKDHfT10Mi5iiipPXN/JhKAu3qX9o75+X85OdQ==",
      "dependencies": [
        "@smithy/property-provider",
        "@smithy/smithy-client",
        "@smithy/types",
        "bowser",
        "tslib"
      ]
    },
    "@smithy/util-defaults-mode-node@4.0.25": {
      "integrity": "sha512-+w4n4hKFayeCyELZLfsSQG5mCC3TwSkmRHv4+el5CzFU8ToQpYGhpV7mrRzqlwKkntlPilT1HJy1TVeEvEjWOQ==",
      "dependencies": [
        "@smithy/config-resolver",
        "@smithy/credential-provider-imds",
        "@smithy/node-config-provider",
        "@smithy/property-provider",
        "@smithy/smithy-client",
        "@smithy/types",
        "tslib"
      ]
    },
    "@smithy/util-endpoints@3.0.6": {
      "integrity": "sha512-YARl3tFL3WgPuLzljRUnrS2ngLiUtkwhQtj8PAL13XZSyUiNLQxwG3fBBq3QXFqGFUXepIN73pINp3y8c2nBmA==",
      "dependencies": [
        "@smithy/node-config-provider",
        "@smithy/types",
        "tslib"
      ]
    },
    "@smithy/util-hex-encoding@4.0.0": {
      "integrity": "sha512-Yk5mLhHtfIgW2W2WQZWSg5kuMZCVbvhFmC7rV4IO2QqnZdbEFPmQnCcGMAX2z/8Qj3B9hYYNjZOhWym+RwhePw==",
      "dependencies": [
        "tslib"
      ]
    },
    "@smithy/util-middleware@4.0.4": {
      "integrity": "sha512-9MLKmkBmf4PRb0ONJikCbCwORACcil6gUWojwARCClT7RmLzF04hUR4WdRprIXal7XVyrddadYNfp2eF3nrvtQ==",
      "dependencies": [
        "@smithy/types",
        "tslib"
      ]
    },
    "@smithy/util-retry@4.0.6": {
      "integrity": "sha512-+YekoF2CaSMv6zKrA6iI/N9yva3Gzn4L6n35Luydweu5MMPYpiGZlWqehPHDHyNbnyaYlz/WJyYAZnC+loBDZg==",
      "dependencies": [
        "@smithy/service-error-classification",
        "@smithy/types",
        "tslib"
      ]
    },
    "@smithy/util-stream@4.2.3": {
      "integrity": "sha512-cQn412DWHHFNKrQfbHY8vSFI3nTROY1aIKji9N0tpp8gUABRilr7wdf8fqBbSlXresobM+tQFNk6I+0LXK/YZg==",
      "dependencies": [
        "@smithy/fetch-http-handler",
        "@smithy/node-http-handler",
        "@smithy/types",
        "@smithy/util-base64",
        "@smithy/util-buffer-from@4.0.0",
        "@smithy/util-hex-encoding",
        "@smithy/util-utf8@4.0.0",
        "tslib"
      ]
    },
    "@smithy/util-uri-escape@4.0.0": {
      "integrity": "sha512-77yfbCbQMtgtTylO9itEAdpPXSog3ZxMe09AEhm0dU0NLTalV70ghDZFR+Nfi1C60jnJoh/Re4090/DuZh2Omg==",
      "dependencies": [
        "tslib"
      ]
    },
    "@smithy/util-utf8@2.3.0": {
      "integrity": "sha512-R8Rdn8Hy72KKcebgLiv8jQcQkXoLMOGGv5uI1/k0l+snqkOzQ1R0ChUBCxWMlBsFMekWjq0wRudIweFs7sKT5A==",
      "dependencies": [
        "@smithy/util-buffer-from@2.2.0",
        "tslib"
      ]
    },
    "@smithy/util-utf8@4.0.0": {
      "integrity": "sha512-b+zebfKCfRdgNJDknHCob3O7FpeYQN6ZG6YLExMcasDHsCXlsXCEuiPZeLnJLpwa5dvPetGlnGCiMHuLwGvFow==",
      "dependencies": [
        "@smithy/util-buffer-from@4.0.0",
        "tslib"
      ]
    },
    "@types/node-fetch@2.6.13": {
      "integrity": "sha512-QGpRVpzSaUs30JBSGPjOg4Uveu384erbHBoT1zeONvyCfwQxIkUshLAOqN/k9EjGviPRmWTTe6aH2qySWKTVSw==",
      "dependencies": [
        "@types/node@22.15.15",
        "form-data"
      ]
    },
    "@types/node@18.19.121": {
      "integrity": "sha512-bHOrbyztmyYIi4f1R0s17QsPs1uyyYnGcXeZoGEd227oZjry0q6XQBQxd82X1I57zEfwO8h9Xo+Kl5gX1d9MwQ==",
      "dependencies": [
        "undici-types@5.26.5"
      ]
    },
    "@types/node@22.15.15": {
      "integrity": "sha512-R5muMcZob3/Jjchn5LcO8jdKwSCbzqmPB6ruBxMcf9kbxtniZHP327s6C37iOfuw8mbKK3cAQa7sEl7afLrQ8A==",
      "dependencies": [
        "undici-types@6.21.0"
      ]
    },
    "@types/uuid@9.0.8": {
      "integrity": "sha512-jg+97EGIcY9AGHJJRaaPVgetKDsrTgbRjQ5Msgjh/DQKEFl0DtyRr/VCOyD1T2R1MNeWPK/u7JoGhlDZnKBAfA=="
    },
    "abort-controller@3.0.0": {
      "integrity": "sha512-h8lQ8tacZYnR3vNQTgibj+tODHI5/+l06Au2Pcriv/Gmet0eaj4TwWH41sO9wnHDiQsEj19q0drzdWdeAHtweg==",
      "dependencies": [
        "event-target-shim"
      ]
    },
    "agentkeepalive@4.6.0": {
      "integrity": "sha512-kja8j7PjmncONqaTsB8fQ+wE2mSU2DJ9D4XKoJ5PFWIdRMa6SLSN1ff4mOr4jCbfRSsxR4keIiySJU0N9T5hIQ==",
      "dependencies": [
        "humanize-ms"
      ]
    },
    "asynckit@0.4.0": {
      "integrity": "sha512-Oei9OH4tRh0YqU3GxhX79dM/mwVgvbZJaSNaRk+bshkj0S5cfHcgYakreBjrHwatXKbz+IoIdYLxrKim2MjW0Q=="
    },
    "bowser@2.11.0": {
      "integrity": "sha512-AlcaJBi/pqqJBIQ8U9Mcpc9i8Aqxn88Skv5d+xBX006BY5u8N3mGLHa5Lgppa7L/HfwgwLgZ6NYs+Ag6uUmJRA=="
    },
    "call-bind-apply-helpers@1.0.2": {
      "integrity": "sha512-Sp1ablJ0ivDkSzjcaJdxEunN5/XvksFJ2sMBFfq6x0ryhQV/2b/KwFe21cMpmHtPOSij8K99/wSfoEuTObmuMQ==",
      "dependencies": [
        "es-errors",
        "function-bind"
      ]
    },
    "combined-stream@1.0.8": {
      "integrity": "sha512-FQN4MRfuJeHf7cBbBMJFXhKSDq+2kAArBlmRBvcvFE5BB1HZKXtSFASDhdlz9zOYwxh8lDdnvmMOe/+5cdoEdg==",
      "dependencies": [
        "delayed-stream"
      ]
    },
    "delayed-stream@1.0.0": {
      "integrity": "sha512-ZySD7Nf91aLB0RxL4KGrKHBXl7Eds1DAmEdcoVawXnLD7SDhpNgtuII2aAkg7a7QS41jxPSZ17p4VdGnMHk3MQ=="
    },
    "dunder-proto@1.0.1": {
      "integrity": "sha512-KIN/nDJBQRcXw0MLVhZE9iQHmG68qAVIBg9CqmUYjmQIhgij9U5MFvrqkUL5FbtyyzZuOeOt0zdeRe4UY7ct+A==",
      "dependencies": [
        "call-bind-apply-helpers",
        "es-errors",
        "gopd"
      ]
    },
    "es-define-property@1.0.1": {
      "integrity": "sha512-e3nRfgfUZ4rNGL232gUgX06QNyyez04KdjFrF+LTRoOXmrOgFKDg4BCdsjW8EnT69eqdYGmRpJwiPVYNrCaW3g=="
    },
    "es-errors@1.3.0": {
      "integrity": "sha512-Zf5H2Kxt2xjTvbJvP2ZWLEICxA6j+hAmMzIlypy4xcBg1vKVnx89Wy0GbS+kf5cwCVFFzdCFh2XSCFNULS6csw=="
    },
    "es-object-atoms@1.1.1": {
      "integrity": "sha512-FGgH2h8zKNim9ljj7dankFPcICIK9Cp5bm+c2gQSYePhpaG5+esrLODihIorn+Pe6FGJzWhXQotPv73jTaldXA==",
      "dependencies": [
        "es-errors"
      ]
    },
    "es-set-tostringtag@2.1.0": {
      "integrity": "sha512-j6vWzfrGVfyXxge+O0x5sh6cvxAog0a/4Rdd2K36zCMV5eJ+/+tOAngRO8cODMNWbVRdVlmGZQL2YS3yR8bIUA==",
      "dependencies": [
        "es-errors",
        "get-intrinsic",
        "has-tostringtag",
        "hasown"
      ]
    },
    "event-target-shim@5.0.1": {
      "integrity": "sha512-i/2XbnSz/uxRCU6+NdVJgKWDTM427+MqYbkQzD321DuCQJUqOuJKIA0IM2+W2xtYHdKOmZ4dR6fExsd4SXL+WQ=="
    },
    "fast-xml-parser@5.2.5": {
      "integrity": "sha512-pfX9uG9Ki0yekDHx2SiuRIyFdyAr1kMIMitPvb0YBo8SUfKvia7w7FIyd/l6av85pFYRhZscS75MwMnbvY+hcQ==",
      "dependencies": [
        "strnum"
      ],
      "bin": true
    },
    "form-data-encoder@1.7.2": {
      "integrity": "sha512-qfqtYan3rxrnCk1VYaA4H+Ms9xdpPqvLZa6xmMgFvhO32x7/3J/ExcTd6qpxM0vH2GdMI+poehyBZvqfMTto8A=="
    },
    "form-data@4.0.4": {
      "integrity": "sha512-KrGhL9Q4zjj0kiUt5OO4Mr/A/jlI2jDYs5eHBpYHPcBEVSiipAvn2Ko2HnPe20rmcuuvMHNdZFp+4IlGTMF0Ow==",
      "dependencies": [
        "asynckit",
        "combined-stream",
        "es-set-tostringtag",
        "hasown",
        "mime-types"
      ]
    },
    "formdata-node@4.4.1": {
      "integrity": "sha512-0iirZp3uVDjVGt9p49aTaqjk84TrglENEDuqfdlZQ1roC9CWlPk6Avf8EEnZNcAqPonwkG35x4n3ww/1THYAeQ==",
      "dependencies": [
        "node-domexception",
        "web-streams-polyfill"
      ]
    },
    "function-bind@1.1.2": {
      "integrity": "sha512-7XHNxH7qX9xG5mIwxkhumTox/MIRNcOgDrxWsMt2pAr23WHp6MrRlN7FBSFpCpr+oVO0F744iUgR82nJMfG2SA=="
    },
    "get-intrinsic@1.3.0": {
      "integrity": "sha512-9fSjSaos/fRIVIp+xSJlE6lfwhES7LNtKaCBIamHsjr2na1BiABJPo0mOjjz8GJDURarmCPGqaiVg5mfjb98CQ==",
      "dependencies": [
        "call-bind-apply-helpers",
        "es-define-property",
        "es-errors",
        "es-object-atoms",
        "function-bind",
        "get-proto",
        "gopd",
        "has-symbols",
        "hasown",
        "math-intrinsics"
      ]
    },
    "get-proto@1.0.1": {
      "integrity": "sha512-sTSfBjoXBp89JvIKIefqw7U2CCebsc74kiY6awiGogKtoSGbgjYE/G/+l9sF3MWFPNc9IcoOC4ODfKHfxFmp0g==",
      "dependencies": [
        "dunder-proto",
        "es-object-atoms"
      ]
    },
    "gopd@1.2.0": {
      "integrity": "sha512-ZUKRh6/kUFoAiTAtTYPZJ3hw9wNxx+BIBOijnlG9PnrJsCcSjs1wyyD6vJpaYtgnzDrKYRSqf3OO6Rfa93xsRg=="
    },
    "has-symbols@1.1.0": {
      "integrity": "sha512-1cDNdwJ2Jaohmb3sg4OmKaMBwuC48sYni5HUw2DvsC8LjGTLK9h+eb1X6RyuOHe4hT0ULCW68iomhjUoKUqlPQ=="
    },
    "has-tostringtag@1.0.2": {
      "integrity": "sha512-NqADB8VjPFLM2V0VvHUewwwsw0ZWBaIdgo+ieHtK3hasLz4qeCRjYcqfB6AQrBggRKppKF8L52/VqdVsO47Dlw==",
      "dependencies": [
        "has-symbols"
      ]
    },
    "hasown@2.0.2": {
      "integrity": "sha512-0hJU9SCPvmMzIBdZFqNPXWa6dqh7WdH0cII9y+CyS8rG3nL48Bclra9HmKhVVUHyPWNH5Y7xDwAB7bfgSjkUMQ==",
      "dependencies": [
        "function-bind"
      ]
    },
    "humanize-ms@1.2.1": {
      "integrity": "sha512-Fl70vYtsAFb/C06PTS9dZBo7ihau+Tu/DNCk/OyHhea07S+aeMWpFFkUaXRa8fI+ScZbEI8dfSxwY7gxZ9SAVQ==",
      "dependencies": [
        "ms"
      ]
    },
    "math-intrinsics@1.1.0": {
      "integrity": "sha512-/IXtbwEk5HTPyEwyKX6hGkYXxM9nbj64B+ilVJnC/R6B0pH5G4V3b0pVbL7DBj4tkhBAppbQUlf6F6Xl9LHu1g=="
    },
    "mime-db@1.52.0": {
      "integrity": "sha512-sPU4uV7dYlvtWJxwwxHD0PuihVNiE7TyAbQ5SWxDCB9mUYvOgroQOwYQQOKPJ8CIbE+1ETVlOoK1UC2nU3gYvg=="
    },
    "mime-types@2.1.35": {
      "integrity": "sha512-ZDY+bPm5zTTF+YpCrAU9nK0UgICYPT0QtT1NZWFv4s++TNkcgVaT0g6+4R2uI4MjQjzysHB1zxuWL50hzaeXiw==",
      "dependencies": [
        "mime-db"
      ]
    },
    "ms@2.1.3": {
      "integrity": "sha512-6FlzubTLZG3J2a/NVCAleEhjzq5oxgHyaCU9yYXvcLsvoVaHJq/s5xXI6/XXP6tz7R9xAOtHnSO/tXtF3WRTlA=="
    },
    "node-domexception@1.0.0": {
      "integrity": "sha512-/jKZoMpw0F8GRwl4/eLROPA3cfcXtLApP0QzLmUT/HuPCZWyB7IY9ZrMeKw2O/nFIqPQB3PVM9aYm0F312AXDQ==",
      "deprecated": true
    },
    "node-fetch@2.7.0": {
      "integrity": "sha512-c4FRfUm/dbcWZ7U+1Wq0AwCyFL+3nt2bEw05wfxSz+DWpWsitgmSgYmy2dQdWyKC1694ELPqMs/YzUSNozLt8A==",
      "dependencies": [
        "whatwg-url"
      ]
    },
    "openai@4.104.0": {
      "integrity": "sha512-p99EFNsA/yX6UhVO93f5kJsDRLAg+CTA2RBqdHK4RtK8u5IJw32Hyb2dTGKbnnFmnuoBv5r7Z2CURI9sGZpSuA==",
      "dependencies": [
        "@types/node@18.19.121",
        "@types/node-fetch",
        "abort-controller",
        "agentkeepalive",
        "form-data-encoder",
        "formdata-node",
        "node-fetch"
      ],
      "bin": true
    },
    "strnum@2.1.1": {
      "integrity": "sha512-7ZvoFTiCnGxBtDqJ//Cu6fWtZtc7Y3x+QOirG15wztbdngGSkht27o2pyGWrVy0b4WAy3jbKmnoK6g5VlVNUUw=="
    },
    "tr46@0.0.3": {
      "integrity": "sha512-N3WMsuqV66lT30CrXNbEjx4GEwlow3v6rr4mCcv6prnfwhS01rkgyFdjPNBYd9br7LpXV1+Emh01fHnq2Gdgrw=="
    },
    "tslib@2.8.1": {
      "integrity": "sha512-oJFu94HQb+KVduSUQL7wnpmqnfmLsOA/nAh6b6EH0wCEoK0/mPeXU6c3wKDV83MkOuHPRHtSXKKU99IBazS/2w=="
    },
    "undici-types@5.26.5": {
      "integrity": "sha512-JlCMO+ehdEIKqlFxk6IfVoAUVmgz7cU7zD/h9XZ0qzeosSHmUJVOzSQvvYSYWXkFXC+IfLKSIffhv0sVZup6pA=="
    },
    "undici-types@6.21.0": {
      "integrity": "sha512-iwDZqg0QAGrg9Rav5H4n0M64c3mkR59cJ6wQp+7C4nI0gsmExaedaYLNO44eT4AtBBwjbTiGPMlt2Md0T9H9JQ=="
    },
    "uuid@9.0.1": {
      "integrity": "sha512-b+1eJOlsR9K8HJpow9Ok3fiWOWSIcIzXodvv0rQjVoOVNpWMpxf1wZNpt4y9h10odCNrqnYp1OBzRktckBe3sA==",
      "bin": true
    },
    "web-streams-polyfill@4.0.0-beta.3": {
      "integrity": "sha512-QW95TCTaHmsYfHDybGMwO5IJIM93I/6vTRk+daHTWFPhwh+C8Cg7j7XyKrwrj8Ib6vYXe0ocYNrmzY4xAAN6ug=="
    },
    "webidl-conversions@3.0.1": {
      "integrity": "sha512-2JAn3z8AR6rjK8Sm8orRC0h/bcl/DqL7tRPdGZ4I1CjdF+EaMLmYxBHyXuKL849eucPFhvBoxMsflfOb8kxaeQ=="
    },
    "whatwg-url@5.0.0": {
      "integrity": "sha512-saE57nupxk6v3HY35+jzBwYa0rKSy0XR8JSxZPwgLr7ys0IBzhGviA1/TUGJLmSVqs8pb9AnvICXEuOHLprYTw==",
      "dependencies": [
        "tr46",
        "webidl-conversions"
      ]
    }
  },
  "redirects": {
    "https://esm.sh/@supabase/node-fetch@^2.6.14?target=denonext": "https://esm.sh/@supabase/node-fetch@2.6.15?target=denonext",
    "https://esm.sh/@supabase/supabase-js@2": "https://esm.sh/@supabase/supabase-js@2.49.3",
    "https://esm.sh/@types/ws@~8.5.14/index.d.mts": "https://esm.sh/@types/ws@8.5.14/index.d.mts",
    "https://esm.sh/bufferutil@^4.0.1?target=denonext": "https://esm.sh/bufferutil@4.0.9?target=denonext",
    "https://esm.sh/node-gyp-build@^4.3.0?target=denonext": "https://esm.sh/node-gyp-build@4.8.4?target=denonext",
    "https://esm.sh/tr46@~0.0.3?target=denonext": "https://esm.sh/tr46@0.0.3?target=denonext",
    "https://esm.sh/utf-8-validate@%3E=5.0.2?target=denonext": "https://esm.sh/utf-8-validate@6.0.5?target=denonext",
    "https://esm.sh/webidl-conversions@^3.0.0?target=denonext": "https://esm.sh/webidl-conversions@3.0.1?target=denonext",
    "https://esm.sh/whatwg-url@^5.0.0?target=denonext": "https://esm.sh/whatwg-url@5.0.0?target=denonext",
    "https://esm.sh/ws@^8.18.0?target=denonext": "https://esm.sh/ws@8.18.1?target=denonext"
  },
  "remote": {
    "https://esm.sh/@supabase/auth-js@2.69.1/denonext/auth-js.mjs": "fb31c3925437753f5a8a90fc57ea24dc5b68b2b295e696123b1b6a635b7b3ada",
    "https://esm.sh/@supabase/functions-js@2.4.4/denonext/functions-js.mjs": "7adeb257410ef3c4a8a1eb9b4ff416c0075d1c32860ca04913c8a9dace1de6a6",
    "https://esm.sh/@supabase/node-fetch@2.6.15/denonext/node-fetch.mjs": "0bae9052231f4f6dbccc7234d05ea96923dbf967be12f402764580b6bf9f713d",
    "https://esm.sh/@supabase/node-fetch@2.6.15?target=denonext": "4d28c4ad97328403184353f68434f2b6973971507919e9150297413664919cf3",
    "https://esm.sh/@supabase/postgrest-js@1.19.2": "bf6b605fd7a122dc5a5d3e4b4d987c65a3c3a27ab9f72112acbaf55fa6f8017d",
    "https://esm.sh/@supabase/postgrest-js@1.19.2/denonext/postgrest-js.mjs": "d0a1bb70df26f658c9129401b4677510e359f66646f45bb98adfeb14c2b58560",
    "https://esm.sh/@supabase/realtime-js@2.11.2/denonext/realtime-js.mjs": "c33ac375b6be89c893f9df844d2525a4ace015a35aa6ba236270d00c6605c7ba",
    "https://esm.sh/@supabase/storage-js@2.7.1/denonext/storage-js.mjs": "73ac8cdc95cfcd794fe603dbd7ce06d539ab51538ae6467eabe0f9cc26c993aa",
    "https://esm.sh/@supabase/supabase-js@2.49.3": "c885ad969efbf47e242fa37237d5ca2f5beeb0a3a78a4b7de10e654ae54781bf",
    "https://esm.sh/@supabase/supabase-js@2.49.3/denonext/supabase-js.mjs": "c927975a7163a0201e9cef17f0b88e963c1cc647c4aff1cf5df833b8ee9fd892",
    "https://esm.sh/bufferutil@4.0.9/denonext/bufferutil.mjs": "13dca4d5bb2c68cbe119f880fa3bd785b9a81a8e02e0834dae604b4b85295cd8",
    "https://esm.sh/bufferutil@4.0.9?target=denonext": "e32574569ab438facfcc3f412c659b0719bbf05477136ca176938c9a3ac45125",
    "https://esm.sh/node-gyp-build@4.8.4/denonext/node-gyp-build.mjs": "9a86f2d044fc77bd60aaa3d697c2ba1b818da5fb1b9aaeedec59a40b8e908803",
    "https://esm.sh/node-gyp-build@4.8.4?target=denonext": "261a6cedf1fdbf159798141ba1e2311ac1510682c5c8b55dacc8cf5fdee4aa06",
    "https://esm.sh/tr46@0.0.3/denonext/tr46.mjs": "5753ec0a99414f4055f0c1f97691100f13d88e48a8443b00aebb90a512785fa2",
    "https://esm.sh/tr46@0.0.3?target=denonext": "19cb9be0f0d418a0c3abb81f2df31f080e9540a04e43b0f699bce1149cba0cbb",
    "https://esm.sh/utf-8-validate@6.0.5/denonext/utf-8-validate.mjs": "66b8ea532a0c745068f5b96ddb1bae332c3036703243541d2e89e66331974d98",
    "https://esm.sh/utf-8-validate@6.0.5?target=denonext": "071bc33ba1a58297e23a34d69dd589fd06df04b0f373b382ff5da544a623f271",
    "https://esm.sh/webidl-conversions@3.0.1/denonext/webidl-conversions.mjs": "54b5c2d50a294853c4ccebf9d5ed8988c94f4e24e463d84ec859a866ea5fafec",
    "https://esm.sh/webidl-conversions@3.0.1?target=denonext": "4e20318d50528084616c79d7b3f6e7f0fe7b6d09013bd01b3974d7448d767e29",
    "https://esm.sh/whatwg-url@5.0.0/denonext/whatwg-url.mjs": "29b16d74ee72624c915745bbd25b617cfd2248c6af0f5120d131e232a9a9af79",
    "https://esm.sh/whatwg-url@5.0.0?target=denonext": "f001a2cadf81312d214ca330033f474e74d81a003e21e8c5d70a1f46dc97b02d",
    "https://esm.sh/ws@8.18.1/denonext/ws.mjs": "732cae76ba0acb311a561003d2f7ef569293cb9159d67dd800ab346b84f80432",
    "https://esm.sh/ws@8.18.1?target=denonext": "e99b670fc49b38e15a7576ddcd5bb01e123fe9b3a017db7f97898127811b4e27"
  }
}
