{
  "version": "4",
  "specifiers": {
    "jsr:@supabase/functions-js@*": "2.4.4",
    "npm:@types/node@*": "22.12.0",
    "npm:openai@^4.52.5": "4.87.3"
  },
  "jsr": {
    "@supabase/functions-js@2.4.4": {
      "integrity": "38456509a6e22fb116b118464cbb36357256f9048d3580632b63af91f63769f7",
      "dependencies": [
        "npm:openai"
      ]
    }
  },
  "npm": {
    "@types/node-fetch@2.6.12": {
      "integrity": "sha512-8nneRWKCg3rMtF69nLQJnOYUcbafYeFSjqkw3jCRLsqkWFlHaoQrr5mXmofFGOx3DKn7UfmBMyov8ySvLRVldA==",
      "dependencies": [
        "@types/node@22.12.0",
        "form-data"
      ]
    },
    "@types/node@18.19.80": {
      "integrity": "sha512-kEWeMwMeIvxYkeg1gTc01awpwLbfMRZXdIhwRcakd/KlK53jmRC26LqcbIt7fnAQTu5GzlnWmzA3H6+l1u6xxQ==",
      "dependencies": [
        "undici-types@5.26.5"
      ]
    },
    "@types/node@22.12.0": {
      "integrity": "sha512-Fll2FZ1riMjNmlmJOdAyY5pUbkftXslB5DgEzlIuNaiWhXd00FhWxVC/r4yV/4wBb9JfImTu+jiSvXTkJ7F/gA==",
      "dependencies": [
        "undici-types@6.20.0"
      ]
    },
    "abort-controller@3.0.0": {
      "integrity": "sha512-h8lQ8tacZYnR3vNQTgibj+tODHI5/+l06Au2Pcriv/Gmet0eaj4TwWH41sO9wnHDiQsEj19q0drzdWdeAHtweg==",
      "dependencies": [
        "event-target-shim"
      ]
    },
    "agentkeepalive@4.6.0": {
      "integrity": "sha512-kja8j7PjmncONqaTsB8fQ+wE2mSU2DJ9D4XKoJ5PFWIdRMa6SLSN1ff4mOr4jCbfRSsxR4keIiySJU0N9T5hIQ==",
      "dependencies": [
        "humanize-ms"
      ]
    },
    "asynckit@0.4.0": {
      "integrity": "sha512-Oei9OH4tRh0YqU3GxhX79dM/mwVgvbZJaSNaRk+bshkj0S5cfHcgYakreBjrHwatXKbz+IoIdYLxrKim2MjW0Q=="
    },
    "call-bind-apply-helpers@1.0.2": {
      "integrity": "sha512-Sp1ablJ0ivDkSzjcaJdxEunN5/XvksFJ2sMBFfq6x0ryhQV/2b/KwFe21cMpmHtPOSij8K99/wSfoEuTObmuMQ==",
      "dependencies": [
        "es-errors",
        "function-bind"
      ]
    },
    "combined-stream@1.0.8": {
      "integrity": "sha512-FQN4MRfuJeHf7cBbBMJFXhKSDq+2kAArBlmRBvcvFE5BB1HZKXtSFASDhdlz9zOYwxh8lDdnvmMOe/+5cdoEdg==",
      "dependencies": [
        "delayed-stream"
      ]
    },
    "delayed-stream@1.0.0": {
      "integrity": "sha512-ZySD7Nf91aLB0RxL4KGrKHBXl7Eds1DAmEdcoVawXnLD7SDhpNgtuII2aAkg7a7QS41jxPSZ17p4VdGnMHk3MQ=="
    },
    "dunder-proto@1.0.1": {
      "integrity": "sha512-KIN/nDJBQRcXw0MLVhZE9iQHmG68qAVIBg9CqmUYjmQIhgij9U5MFvrqkUL5FbtyyzZuOeOt0zdeRe4UY7ct+A==",
      "dependencies": [
        "call-bind-apply-helpers",
        "es-errors",
        "gopd"
      ]
    },
    "es-define-property@1.0.1": {
      "integrity": "sha512-e3nRfgfUZ4rNGL232gUgX06QNyyez04KdjFrF+LTRoOXmrOgFKDg4BCdsjW8EnT69eqdYGmRpJwiPVYNrCaW3g=="
    },
    "es-errors@1.3.0": {
      "integrity": "sha512-Zf5H2Kxt2xjTvbJvP2ZWLEICxA6j+hAmMzIlypy4xcBg1vKVnx89Wy0GbS+kf5cwCVFFzdCFh2XSCFNULS6csw=="
    },
    "es-object-atoms@1.1.1": {
      "integrity": "sha512-FGgH2h8zKNim9ljj7dankFPcICIK9Cp5bm+c2gQSYePhpaG5+esrLODihIorn+Pe6FGJzWhXQotPv73jTaldXA==",
      "dependencies": [
        "es-errors"
      ]
    },
    "es-set-tostringtag@2.1.0": {
      "integrity": "sha512-j6vWzfrGVfyXxge+O0x5sh6cvxAog0a/4Rdd2K36zCMV5eJ+/+tOAngRO8cODMNWbVRdVlmGZQL2YS3yR8bIUA==",
      "dependencies": [
        "es-errors",
        "get-intrinsic",
        "has-tostringtag",
        "hasown"
      ]
    },
    "event-target-shim@5.0.1": {
      "integrity": "sha512-i/2XbnSz/uxRCU6+NdVJgKWDTM427+MqYbkQzD321DuCQJUqOuJKIA0IM2+W2xtYHdKOmZ4dR6fExsd4SXL+WQ=="
    },
    "form-data-encoder@1.7.2": {
      "integrity": "sha512-qfqtYan3rxrnCk1VYaA4H+Ms9xdpPqvLZa6xmMgFvhO32x7/3J/ExcTd6qpxM0vH2GdMI+poehyBZvqfMTto8A=="
    },
    "form-data@4.0.2": {
      "integrity": "sha512-hGfm/slu0ZabnNt4oaRZ6uREyfCj6P4fT/n6A1rGV+Z0VdGXjfOhVUpkn6qVQONHGIFwmveGXyDs75+nr6FM8w==",
      "dependencies": [
        "asynckit",
        "combined-stream",
        "es-set-tostringtag",
        "mime-types"
      ]
    },
    "formdata-node@4.4.1": {
      "integrity": "sha512-0iirZp3uVDjVGt9p49aTaqjk84TrglENEDuqfdlZQ1roC9CWlPk6Avf8EEnZNcAqPonwkG35x4n3ww/1THYAeQ==",
      "dependencies": [
        "node-domexception",
        "web-streams-polyfill"
      ]
    },
    "function-bind@1.1.2": {
      "integrity": "sha512-7XHNxH7qX9xG5mIwxkhumTox/MIRNcOgDrxWsMt2pAr23WHp6MrRlN7FBSFpCpr+oVO0F744iUgR82nJMfG2SA=="
    },
    "get-intrinsic@1.3.0": {
      "integrity": "sha512-9fSjSaos/fRIVIp+xSJlE6lfwhES7LNtKaCBIamHsjr2na1BiABJPo0mOjjz8GJDURarmCPGqaiVg5mfjb98CQ==",
      "dependencies": [
        "call-bind-apply-helpers",
        "es-define-property",
        "es-errors",
        "es-object-atoms",
        "function-bind",
        "get-proto",
        "gopd",
        "has-symbols",
        "hasown",
        "math-intrinsics"
      ]
    },
    "get-proto@1.0.1": {
      "integrity": "sha512-sTSfBjoXBp89JvIKIefqw7U2CCebsc74kiY6awiGogKtoSGbgjYE/G/+l9sF3MWFPNc9IcoOC4ODfKHfxFmp0g==",
      "dependencies": [
        "dunder-proto",
        "es-object-atoms"
      ]
    },
    "gopd@1.2.0": {
      "integrity": "sha512-ZUKRh6/kUFoAiTAtTYPZJ3hw9wNxx+BIBOijnlG9PnrJsCcSjs1wyyD6vJpaYtgnzDrKYRSqf3OO6Rfa93xsRg=="
    },
    "has-symbols@1.1.0": {
      "integrity": "sha512-1cDNdwJ2Jaohmb3sg4OmKaMBwuC48sYni5HUw2DvsC8LjGTLK9h+eb1X6RyuOHe4hT0ULCW68iomhjUoKUqlPQ=="
    },
    "has-tostringtag@1.0.2": {
      "integrity": "sha512-NqADB8VjPFLM2V0VvHUewwwsw0ZWBaIdgo+ieHtK3hasLz4qeCRjYcqfB6AQrBggRKppKF8L52/VqdVsO47Dlw==",
      "dependencies": [
        "has-symbols"
      ]
    },
    "hasown@2.0.2": {
      "integrity": "sha512-0hJU9SCPvmMzIBdZFqNPXWa6dqh7WdH0cII9y+CyS8rG3nL48Bclra9HmKhVVUHyPWNH5Y7xDwAB7bfgSjkUMQ==",
      "dependencies": [
        "function-bind"
      ]
    },
    "humanize-ms@1.2.1": {
      "integrity": "sha512-Fl70vYtsAFb/C06PTS9dZBo7ihau+Tu/DNCk/OyHhea07S+aeMWpFFkUaXRa8fI+ScZbEI8dfSxwY7gxZ9SAVQ==",
      "dependencies": [
        "ms"
      ]
    },
    "math-intrinsics@1.1.0": {
      "integrity": "sha512-/IXtbwEk5HTPyEwyKX6hGkYXxM9nbj64B+ilVJnC/R6B0pH5G4V3b0pVbL7DBj4tkhBAppbQUlf6F6Xl9LHu1g=="
    },
    "mime-db@1.52.0": {
      "integrity": "sha512-sPU4uV7dYlvtWJxwwxHD0PuihVNiE7TyAbQ5SWxDCB9mUYvOgroQOwYQQOKPJ8CIbE+1ETVlOoK1UC2nU3gYvg=="
    },
    "mime-types@2.1.35": {
      "integrity": "sha512-ZDY+bPm5zTTF+YpCrAU9nK0UgICYPT0QtT1NZWFv4s++TNkcgVaT0g6+4R2uI4MjQjzysHB1zxuWL50hzaeXiw==",
      "dependencies": [
        "mime-db"
      ]
    },
    "ms@2.1.3": {
      "integrity": "sha512-6FlzubTLZG3J2a/NVCAleEhjzq5oxgHyaCU9yYXvcLsvoVaHJq/s5xXI6/XXP6tz7R9xAOtHnSO/tXtF3WRTlA=="
    },
    "node-domexception@1.0.0": {
      "integrity": "sha512-/jKZoMpw0F8GRwl4/eLROPA3cfcXtLApP0QzLmUT/HuPCZWyB7IY9ZrMeKw2O/nFIqPQB3PVM9aYm0F312AXDQ=="
    },
    "node-fetch@2.7.0": {
      "integrity": "sha512-c4FRfUm/dbcWZ7U+1Wq0AwCyFL+3nt2bEw05wfxSz+DWpWsitgmSgYmy2dQdWyKC1694ELPqMs/YzUSNozLt8A==",
      "dependencies": [
        "whatwg-url"
      ]
    },
    "openai@4.87.3": {
      "integrity": "sha512-d2D54fzMuBYTxMW8wcNmhT1rYKcTfMJ8t+4KjH2KtvYenygITiGBgHoIrzHwnDQWW+C5oCA+ikIR2jgPCFqcKQ==",
      "dependencies": [
        "@types/node@18.19.80",
        "@types/node-fetch",
        "abort-controller",
        "agentkeepalive",
        "form-data-encoder",
        "formdata-node",
        "node-fetch"
      ]
    },
    "tr46@0.0.3": {
      "integrity": "sha512-N3WMsuqV66lT30CrXNbEjx4GEwlow3v6rr4mCcv6prnfwhS01rkgyFdjPNBYd9br7LpXV1+Emh01fHnq2Gdgrw=="
    },
    "undici-types@5.26.5": {
      "integrity": "sha512-JlCMO+ehdEIKqlFxk6IfVoAUVmgz7cU7zD/h9XZ0qzeosSHmUJVOzSQvvYSYWXkFXC+IfLKSIffhv0sVZup6pA=="
    },
    "undici-types@6.20.0": {
      "integrity": "sha512-Ny6QZ2Nju20vw1SRHe3d9jVu6gJ+4e3+MMpqu7pqE5HT6WsTSlce++GQmK5UXS8mzV8DSYHrQH+Xrf2jVcuKNg=="
    },
    "web-streams-polyfill@4.0.0-beta.3": {
      "integrity": "sha512-QW95TCTaHmsYfHDybGMwO5IJIM93I/6vTRk+daHTWFPhwh+C8Cg7j7XyKrwrj8Ib6vYXe0ocYNrmzY4xAAN6ug=="
    },
    "webidl-conversions@3.0.1": {
      "integrity": "sha512-2JAn3z8AR6rjK8Sm8orRC0h/bcl/DqL7tRPdGZ4I1CjdF+EaMLmYxBHyXuKL849eucPFhvBoxMsflfOb8kxaeQ=="
    },
    "whatwg-url@5.0.0": {
      "integrity": "sha512-saE57nupxk6v3HY35+jzBwYa0rKSy0XR8JSxZPwgLr7ys0IBzhGviA1/TUGJLmSVqs8pb9AnvICXEuOHLprYTw==",
      "dependencies": [
        "tr46",
        "webidl-conversions"
      ]
    }
  },
  "redirects": {
    "https://deno.land/x/djwt/validate.ts": "https://deno.land/x/djwt@v3.0.2/validate.ts",
    "https://esm.sh/@octokit/app@^15.1.4?target=denonext": "https://esm.sh/@octokit/app@15.1.5?target=denonext",
    "https://esm.sh/@octokit/auth-app?dts": "https://esm.sh/@octokit/auth-app@7.1.5?dts",
    "https://esm.sh/@octokit/auth-app@^7.1.5?target=denonext": "https://esm.sh/@octokit/auth-app@7.1.5?target=denonext",
    "https://esm.sh/@octokit/auth-oauth-app@^8.1.3?target=denonext": "https://esm.sh/@octokit/auth-oauth-app@8.1.3?target=denonext",
    "https://esm.sh/@octokit/auth-oauth-device@^7.1.3?target=denonext": "https://esm.sh/@octokit/auth-oauth-device@7.1.4?target=denonext",
    "https://esm.sh/@octokit/auth-oauth-user@^5.1.3?target=denonext": "https://esm.sh/@octokit/auth-oauth-user@5.1.3?target=denonext",
    "https://esm.sh/@octokit/auth-token@^5.0.0?target=denonext": "https://esm.sh/@octokit/auth-token@5.1.2?target=denonext",
    "https://esm.sh/@octokit/auth-unauthenticated@^6.1.2?target=denonext": "https://esm.sh/@octokit/auth-unauthenticated@6.1.2?target=denonext",
    "https://esm.sh/@octokit/core@^6.1.4?target=denonext": "https://esm.sh/@octokit/core@6.1.4?target=denonext",
    "https://esm.sh/@octokit/endpoint@^10.1.3?target=denonext": "https://esm.sh/@octokit/endpoint@10.1.3?target=denonext",
    "https://esm.sh/@octokit/graphql@^8.1.2?target=denonext": "https://esm.sh/@octokit/graphql@8.2.1?target=denonext",
    "https://esm.sh/@octokit/oauth-app@^7.1.6?target=denonext": "https://esm.sh/@octokit/oauth-app@7.1.6?target=denonext",
    "https://esm.sh/@octokit/oauth-authorization-url@^7.0.0?target=denonext": "https://esm.sh/@octokit/oauth-authorization-url@7.1.1?target=denonext",
    "https://esm.sh/@octokit/oauth-methods@^5.1.3?target=denonext": "https://esm.sh/@octokit/oauth-methods@5.1.4?target=denonext",
    "https://esm.sh/@octokit/oauth-methods@^5.1.4?target=denonext": "https://esm.sh/@octokit/oauth-methods@5.1.4?target=denonext",
    "https://esm.sh/@octokit/plugin-paginate-graphql@^5.2.4?target=denonext": "https://esm.sh/@octokit/plugin-paginate-graphql@5.2.4?target=denonext",
    "https://esm.sh/@octokit/plugin-paginate-rest@^11.4.2?target=denonext": "https://esm.sh/@octokit/plugin-paginate-rest@11.6.0?target=denonext",
    "https://esm.sh/@octokit/plugin-rest-endpoint-methods@^13.3.1?target=denonext": "https://esm.sh/@octokit/plugin-rest-endpoint-methods@13.5.0?target=denonext",
    "https://esm.sh/@octokit/plugin-retry@^7.1.4?target=denonext": "https://esm.sh/@octokit/plugin-retry@7.2.0?target=denonext",
    "https://esm.sh/@octokit/plugin-throttling@^9.4.0?target=denonext": "https://esm.sh/@octokit/plugin-throttling@9.6.0?target=denonext",
    "https://esm.sh/@octokit/request-error@^6.1.7?target=denonext": "https://esm.sh/@octokit/request-error@6.1.7?target=denonext",
    "https://esm.sh/@octokit/request@^9.2.1?target=denonext": "https://esm.sh/@octokit/request@9.2.2?target=denonext",
    "https://esm.sh/@octokit/request@^9.2.2?target=denonext": "https://esm.sh/@octokit/request@9.2.2?target=denonext",
    "https://esm.sh/@octokit/webhooks-methods@^5.1.1?target=denonext": "https://esm.sh/@octokit/webhooks-methods@5.1.1?target=denonext",
    "https://esm.sh/@octokit/webhooks@^13.6.1?target=denonext": "https://esm.sh/@octokit/webhooks@13.7.5?target=denonext",
    "https://esm.sh/@supabase/node-fetch@^2.6.14?target=denonext": "https://esm.sh/@supabase/node-fetch@2.6.15?target=denonext",
    "https://esm.sh/@supabase/supabase-js@2": "https://esm.sh/@supabase/supabase-js@2.49.3",
    "https://esm.sh/@types/ws@~8.5.14/index.d.mts": "https://esm.sh/@types/ws@8.5.14/index.d.mts",
    "https://esm.sh/before-after-hook@^3.0.2?target=denonext": "https://esm.sh/before-after-hook@3.0.2?target=denonext",
    "https://esm.sh/bottleneck@^2.15.3/light?target=denonext": "https://esm.sh/bottleneck@2.19.5/light?target=denonext",
    "https://esm.sh/bufferutil@^4.0.1?target=denonext": "https://esm.sh/bufferutil@4.0.9?target=denonext",
    "https://esm.sh/fast-content-type-parse@^2.0.0?target=denonext": "https://esm.sh/fast-content-type-parse@2.0.1?target=denonext",
    "https://esm.sh/node-gyp-build@^4.3.0?target=denonext": "https://esm.sh/node-gyp-build@4.8.4?target=denonext",
    "https://esm.sh/octokit?dts": "https://esm.sh/octokit@4.1.2?dts",
    "https://esm.sh/toad-cache@^3.7.0?target=denonext": "https://esm.sh/toad-cache@3.7.0?target=denonext",
    "https://esm.sh/tr46@~0.0.3?target=denonext": "https://esm.sh/tr46@0.0.3?target=denonext",
    "https://esm.sh/universal-github-app-jwt@^2.2.0?target=denonext": "https://esm.sh/universal-github-app-jwt@2.2.2?target=denonext",
    "https://esm.sh/universal-user-agent@^7.0.0?target=denonext": "https://esm.sh/universal-user-agent@7.0.2?target=denonext",
    "https://esm.sh/universal-user-agent@^7.0.2?target=denonext": "https://esm.sh/universal-user-agent@7.0.2?target=denonext",
    "https://esm.sh/utf-8-validate@%3E=5.0.2?target=denonext": "https://esm.sh/utf-8-validate@6.0.5?target=denonext",
    "https://esm.sh/webidl-conversions@^3.0.0?target=denonext": "https://esm.sh/webidl-conversions@3.0.1?target=denonext",
    "https://esm.sh/whatwg-url@^5.0.0?target=denonext": "https://esm.sh/whatwg-url@5.0.0?target=denonext",
    "https://esm.sh/ws@^8.18.0?target=denonext": "https://esm.sh/ws@8.18.1?target=denonext"
  },
  "remote": {
    "https://esm.sh/@octokit/app@15.1.5/denonext/app.mjs": "c612a33ce4b4217fb88aaf9ffa35682a193fed03241a482a619ce00be0347df4",
    "https://esm.sh/@octokit/app@15.1.5?target=denonext": "3ad473eaced2a2fff41a94ab3a444c2097dd94a0c82a65d04ac65d243a3a65d8",
    "https://esm.sh/@octokit/auth-app@7.1.5/denonext/auth-app.mjs": "44b4821a679311f9434667a4398f065375ea01d6ba03dc880802fc7143573f48",
    "https://esm.sh/@octokit/auth-app@7.1.5?dts": "926c8d214547e45b9db60cf2a9994d7066b299c4d58253add4f00c6f480b1141",
    "https://esm.sh/@octokit/auth-app@7.1.5?target=denonext": "926c8d214547e45b9db60cf2a9994d7066b299c4d58253add4f00c6f480b1141",
    "https://esm.sh/@octokit/auth-oauth-app@8.1.3/denonext/auth-oauth-app.mjs": "2720aabb57c80d9c06cb0fa147e3bebe9529754cfe4efb802d334769b9504424",
    "https://esm.sh/@octokit/auth-oauth-app@8.1.3?target=denonext": "0e2fea489aa5fbc80e6128168fcd413a50ddaecf8609cd00a35dce4cd6d9209e",
    "https://esm.sh/@octokit/auth-oauth-device@7.1.4/denonext/auth-oauth-device.mjs": "3f9ca041b9987294e4226af03bc33d957cfa27c3aa184d4c22bac8500a5244fa",
    "https://esm.sh/@octokit/auth-oauth-device@7.1.4?target=denonext": "895f9f2e8b45bada1e31e179fffecdf7d8c6b69a98feb5c786e5ade8c2c6fc49",
    "https://esm.sh/@octokit/auth-oauth-user@5.1.3/denonext/auth-oauth-user.mjs": "012a7f86d6af44f265f1ab353a400479fbab2b1c7f2da5c3f4f83705db23fab9",
    "https://esm.sh/@octokit/auth-oauth-user@5.1.3?target=denonext": "694a76e4f972fe79f74d3477ec702861d9dc0fc9982dda15febe8c1bb670c0b9",
    "https://esm.sh/@octokit/auth-token@5.1.2/denonext/auth-token.mjs": "360feb2cb940bfa2e20ba6e5b7c366b207e7b8cb3a2ff983f3d33b19087cdc50",
    "https://esm.sh/@octokit/auth-token@5.1.2?target=denonext": "0e5dc846d0c00da36580f08e0d4115526daf6256acf07fabedc06716dfbf72c9",
    "https://esm.sh/@octokit/auth-unauthenticated@6.1.2/denonext/auth-unauthenticated.mjs": "a00c60dae1f35c2366cb3105db2273ff50db2fd998852f954c5111ac7edde5c0",
    "https://esm.sh/@octokit/auth-unauthenticated@6.1.2?target=denonext": "a11965e7030a535c6b964d3c2da003b1f2f6ea16475ab49461c17ae0dc863ea3",
    "https://esm.sh/@octokit/core@6.1.4/denonext/core.mjs": "5ba84e79402a74b5fc90a5ac789095383cc05aba3d713ed1b15628d8563e23cb",
    "https://esm.sh/@octokit/core@6.1.4?target=denonext": "4307d497897c3f619a859db1fa3a8e6ba099ec915999bb13efe32615c8a75ea5",
    "https://esm.sh/@octokit/endpoint@10.1.3/denonext/endpoint.mjs": "ee30211e2130c718703820a3e97761185cede0fcd572f4fe495d7eafe1e27fe5",
    "https://esm.sh/@octokit/endpoint@10.1.3?target=denonext": "58fb4a907dc5c4117f96fa52aa0d3d0db4437972c3f032f5899ccf041b04628f",
    "https://esm.sh/@octokit/graphql@8.2.1/denonext/graphql.mjs": "94a4e53110f4a842c0d1ab1805809b0fb45a1f1cbdc26a23d23aafc908742679",
    "https://esm.sh/@octokit/graphql@8.2.1?target=denonext": "7735a5089317f0f3dcf03393ae1d7cf1dbb64010afaad51a8d91ed5c317f06aa",
    "https://esm.sh/@octokit/oauth-app@7.1.6/denonext/oauth-app.mjs": "110cf1212f5c27cdfdbcf06d27dc0886988759f89ac9658344c5923f406eafaf",
    "https://esm.sh/@octokit/oauth-app@7.1.6?target=denonext": "eeda7abed63446b5cbf1c91b7500ae6d478ee19eb9d0defab9f0ab6cee8c2f6b",
    "https://esm.sh/@octokit/oauth-authorization-url@7.1.1/denonext/oauth-authorization-url.mjs": "209de15074485c12e6bffaed0f33d857c789df4a577b19ddbd78caa9646b77dc",
    "https://esm.sh/@octokit/oauth-authorization-url@7.1.1?target=denonext": "fdaed10ede57c5e5a3ae67b487331336916d5401d366bed1425515e104b95de1",
    "https://esm.sh/@octokit/oauth-methods@5.1.4/denonext/oauth-methods.mjs": "9dc205f748b8d39705b33b81517dd4e0b6314dd32e005f2572603aa474ce3405",
    "https://esm.sh/@octokit/oauth-methods@5.1.4?target=denonext": "a4dbcd32a0043108b74f6a041239577eef0e72f415582094ed921cec003cfaa7",
    "https://esm.sh/@octokit/plugin-paginate-graphql@5.2.4/denonext/plugin-paginate-graphql.mjs": "a2b0869cb5eb1e14516d1d2ba227e2b968afe05ed9b3895f005ac196e7b5c5a1",
    "https://esm.sh/@octokit/plugin-paginate-graphql@5.2.4?target=denonext": "1512bade9daddb1ffe8fc46693db5dd3df429d51264e6848e3de3ea0cd16bc61",
    "https://esm.sh/@octokit/plugin-paginate-rest@11.6.0/denonext/plugin-paginate-rest.mjs": "3b0f2ea212b5a155958f666722e87c6cb234640237957464697dc07566e229a6",
    "https://esm.sh/@octokit/plugin-paginate-rest@11.6.0?target=denonext": "b820f92a30ec49b49591322b5d05a9d844a0a5d112b7a03481d2bc343c6b4098",
    "https://esm.sh/@octokit/plugin-rest-endpoint-methods@13.5.0/denonext/plugin-rest-endpoint-methods.mjs": "4464620b1ec640063b3a6fe7815a1f43762a358e4dc5213214f4381fb43be90a",
    "https://esm.sh/@octokit/plugin-rest-endpoint-methods@13.5.0?target=denonext": "663c1c7a573d9d94942c8ba123aed167385089f11f538c558874609ed9f96326",
    "https://esm.sh/@octokit/plugin-retry@7.2.0/denonext/plugin-retry.mjs": "ff7711066123863e659039e620398ca4f92735c18a81184e7be815becb02b152",
    "https://esm.sh/@octokit/plugin-retry@7.2.0?target=denonext": "5b067254c752e7849a6141645272ed656ba0cebc65caea7202e3d3f4271fe3f3",
    "https://esm.sh/@octokit/plugin-throttling@9.6.0/denonext/plugin-throttling.mjs": "08d75820c2b2d96b9808e793e2f7c5d7dcf7b3b5f8b3b4341474aa6e5577c932",
    "https://esm.sh/@octokit/plugin-throttling@9.6.0?target=denonext": "7b9c825f7da2e949dcf37ea680d195683cc92ebb0e4e377a43bed80f88df6839",
    "https://esm.sh/@octokit/request-error@6.1.7/denonext/request-error.mjs": "a78094bd74d2b9b3cb6a38f18e43c3ee31534ff726d65eebf174a324b22ca60b",
    "https://esm.sh/@octokit/request-error@6.1.7?target=denonext": "f3b59c5f039efcc2c5e7946a1e0be7cd1f50297b13f81a99a00587f124fb69cd",
    "https://esm.sh/@octokit/request@9.2.2/denonext/request.mjs": "02df528ded430496e93415ce7b291a8b91cdd827f9724f898cf4db7e31988bae",
    "https://esm.sh/@octokit/request@9.2.2?target=denonext": "cfe43f13ac51e7494375f0cc1a81aeedebcb95cfb6b9cca468db0c3d7c786a15",
    "https://esm.sh/@octokit/webhooks-methods@5.1.1/denonext/webhooks-methods.mjs": "73c8d2b1c773a5dfb5204386359e5a2dc319ccb355931fa079b7d776918be788",
    "https://esm.sh/@octokit/webhooks-methods@5.1.1?target=denonext": "a138d6817e44038c76d842c3bc581e5737a3bcf61409c0d1515c5dcf0fd33330",
    "https://esm.sh/@octokit/webhooks@13.7.5/denonext/webhooks.mjs": "b048a7248873e92ecb449d89970f99eb3cea569e29ad678f85c6ac0f4d47aea3",
    "https://esm.sh/@octokit/webhooks@13.7.5?target=denonext": "9d7083030796c80f60125c3258ed835ea70aeff70dfcd5f26089166b4e7d2294",
    "https://esm.sh/@supabase/auth-js@2.69.1/denonext/auth-js.mjs": "fb31c3925437753f5a8a90fc57ea24dc5b68b2b295e696123b1b6a635b7b3ada",
    "https://esm.sh/@supabase/functions-js@2.4.4/denonext/functions-js.mjs": "7adeb257410ef3c4a8a1eb9b4ff416c0075d1c32860ca04913c8a9dace1de6a6",
    "https://esm.sh/@supabase/node-fetch@2.6.15/denonext/node-fetch.mjs": "0bae9052231f4f6dbccc7234d05ea96923dbf967be12f402764580b6bf9f713d",
    "https://esm.sh/@supabase/node-fetch@2.6.15?target=denonext": "4d28c4ad97328403184353f68434f2b6973971507919e9150297413664919cf3",
    "https://esm.sh/@supabase/postgrest-js@1.19.2/denonext/postgrest-js.mjs": "d0a1bb70df26f658c9129401b4677510e359f66646f45bb98adfeb14c2b58560",
    "https://esm.sh/@supabase/realtime-js@2.11.2/denonext/realtime-js.mjs": "c33ac375b6be89c893f9df844d2525a4ace015a35aa6ba236270d00c6605c7ba",
    "https://esm.sh/@supabase/storage-js@2.7.1/denonext/storage-js.mjs": "73ac8cdc95cfcd794fe603dbd7ce06d539ab51538ae6467eabe0f9cc26c993aa",
    "https://esm.sh/@supabase/supabase-js@2.49.3": "c885ad969efbf47e242fa37237d5ca2f5beeb0a3a78a4b7de10e654ae54781bf",
    "https://esm.sh/@supabase/supabase-js@2.49.3/denonext/supabase-js.mjs": "c927975a7163a0201e9cef17f0b88e963c1cc647c4aff1cf5df833b8ee9fd892",
    "https://esm.sh/before-after-hook@3.0.2/denonext/before-after-hook.mjs": "1a862839e15e4816de946c11023cbec3cb1d276e3a86073adfaac9dca6871aca",
    "https://esm.sh/before-after-hook@3.0.2?target=denonext": "923592fc40b4609eac335800f88c890d81c5f5f12e0b22fd8fd0646313c634f7",
    "https://esm.sh/bottleneck@2.19.5/denonext/light.mjs": "943b72d08b33e678a4f64bf2ce9a0468f9356ee65092af9c893fa25d3be6518b",
    "https://esm.sh/bottleneck@2.19.5/light?target=denonext": "c53ee9007926e5a49e291e0a0f2e1113735d65271a33eb609ac9ad309def4878",
    "https://esm.sh/bufferutil@4.0.9/denonext/bufferutil.mjs": "13dca4d5bb2c68cbe119f880fa3bd785b9a81a8e02e0834dae604b4b85295cd8",
    "https://esm.sh/bufferutil@4.0.9?target=denonext": "e32574569ab438facfcc3f412c659b0719bbf05477136ca176938c9a3ac45125",
    "https://esm.sh/fast-content-type-parse@2.0.1/denonext/fast-content-type-parse.mjs": "436d0ff6ce4508efcb9023892d25cc9d7eb321e9321a0d3aaf870300dc2e8578",
    "https://esm.sh/fast-content-type-parse@2.0.1?target=denonext": "7170ebd0186887d73afc67050a28e5350171e5e842e82a10309e829eabdf138a",
    "https://esm.sh/node-gyp-build@4.8.4/denonext/node-gyp-build.mjs": "9a86f2d044fc77bd60aaa3d697c2ba1b818da5fb1b9aaeedec59a40b8e908803",
    "https://esm.sh/node-gyp-build@4.8.4?target=denonext": "261a6cedf1fdbf159798141ba1e2311ac1510682c5c8b55dacc8cf5fdee4aa06",
    "https://esm.sh/octokit@4.1.2/denonext/octokit.mjs": "72cc8d59ca5e13ad13b4b4d7fe3520f3d3a2911ee1c3147af919b236b66aebbe",
    "https://esm.sh/octokit@4.1.2?dts": "413ab6872b53b14ff4a79e82b40f4234dba32718da6f1bc7b7f5d3e17a0929c3",
    "https://esm.sh/toad-cache@3.7.0/denonext/toad-cache.mjs": "63b78525dcc99d8f736de244e46b306b2b5f6c72db75bf1d230230d46a06ab37",
    "https://esm.sh/toad-cache@3.7.0?target=denonext": "e17c2f2729b3268a6ecb412b975002ebaa66894c2e5e0a657a38d1176a1f02d4",
    "https://esm.sh/tr46@0.0.3/denonext/tr46.mjs": "5753ec0a99414f4055f0c1f97691100f13d88e48a8443b00aebb90a512785fa2",
    "https://esm.sh/tr46@0.0.3?target=denonext": "19cb9be0f0d418a0c3abb81f2df31f080e9540a04e43b0f699bce1149cba0cbb",
    "https://esm.sh/universal-github-app-jwt@2.2.2/denonext/universal-github-app-jwt.mjs": "0dc5ffa5cc5ade7551ba091da562b72840d624a78a28af985088f5e994b3c53a",
    "https://esm.sh/universal-github-app-jwt@2.2.2?target=denonext": "30b600b05e1b5a3b5c282d285461807b79950da3812dfe040b46a46ecdd3219b",
    "https://esm.sh/universal-user-agent@7.0.2/denonext/universal-user-agent.mjs": "c5370728870841e1061776d12f5776929bb04945b0f8d5e4251207eab57d35ea",
    "https://esm.sh/universal-user-agent@7.0.2?target=denonext": "1c7589a3ed835be8bf13e6c78c7d507af65b7945b92edbf3ad25428e60e072f4",
    "https://esm.sh/utf-8-validate@6.0.5/denonext/utf-8-validate.mjs": "66b8ea532a0c745068f5b96ddb1bae332c3036703243541d2e89e66331974d98",
    "https://esm.sh/utf-8-validate@6.0.5?target=denonext": "071bc33ba1a58297e23a34d69dd589fd06df04b0f373b382ff5da544a623f271",
    "https://esm.sh/webidl-conversions@3.0.1/denonext/webidl-conversions.mjs": "54b5c2d50a294853c4ccebf9d5ed8988c94f4e24e463d84ec859a866ea5fafec",
    "https://esm.sh/webidl-conversions@3.0.1?target=denonext": "4e20318d50528084616c79d7b3f6e7f0fe7b6d09013bd01b3974d7448d767e29",
    "https://esm.sh/whatwg-url@5.0.0/denonext/whatwg-url.mjs": "29b16d74ee72624c915745bbd25b617cfd2248c6af0f5120d131e232a9a9af79",
    "https://esm.sh/whatwg-url@5.0.0?target=denonext": "f001a2cadf81312d214ca330033f474e74d81a003e21e8c5d70a1f46dc97b02d",
    "https://esm.sh/ws@8.18.1/denonext/ws.mjs": "732cae76ba0acb311a561003d2f7ef569293cb9159d67dd800ab346b84f80432",
    "https://esm.sh/ws@8.18.1?target=denonext": "e99b670fc49b38e15a7576ddcd5bb01e123fe9b3a017db7f97898127811b4e27"
  }
}
